
Microsoft Visual Studio Solution File, Format Version 12.00
# Visual Studio Version 16
VisualStudioVersion = 16.0.30517.126
MinimumVisualStudioVersion = 10.0.40219.1
Project("{FAE04EC0-301F-11D3-BF4B-00C04F79EFBC}") = "ProductPortfoglio", "ProductPortfoglio\ProductPortfoglio.csproj", "{439B4ABA-A8E4-4B63-9A86-CBB1E2FD567F}"
EndProject
Global
	GlobalSection(SolutionConfigurationPlatforms) = preSolution
		Debug|Any CPU = Debug|Any CPU
		Release|Any CPU = Release|Any CPU
	EndGlobalSection
	GlobalSection(ProjectConfigurationPlatforms) = postSolution
		{439B4ABA-A8E4-4B63-9A86-CBB1E2FD567F}.Debug|Any CPU.ActiveCfg = Debug|Any CPU
		{439B4ABA-A8E4-4B63-9A86-CBB1E2FD567F}.Debug|Any CPU.Build.0 = Debug|Any CPU
		{439B4ABA-A8E4-4B63-9A86-CBB1E2FD567F}.Release|Any CPU.ActiveCfg = Release|Any CPU
		{439B4ABA-A8E4-4B63-9A86-CBB1E2FD567F}.Release|Any CPU.Build.0 = Release|Any CPU
	EndGlobalSection
	GlobalSection(SolutionProperties) = preSolution
		HideSolutionNode = FALSE
	EndGlobalSection
	GlobalSection(ExtensibilityGlobals) = postSolution
		SolutionGuid = {900D6636-9361-4727-BEAB-2B6ED6E50E8A}
	EndGlobalSection
EndGlobal
